
Microsoft Visual Studio Solution File, Format Version 12.00
# Visual Studio Version 16
VisualStudioVersion = 16.0.31911.196
MinimumVisualStudioVersion = 10.0.40219.1
Project("{8BC9CEB8-8B4A-11D0-8D11-00A0C91BC942}") = "SingleFileExample", "SingleFileExample.vcxproj", "{829D2382-61AB-4B91-BDB9-AAAE376BD1EA}"
EndProject
Project("{8BC9CEB8-8B4A-11D0-8D11-00A0C91BC942}") = "OpenXRTestApp", "..\OpenXRTestApp\OpenXRTestApp.vcxproj", "{F82E3C56-FBCA-4590-B535-1AEDD36CA8F6}"
EndProject
Project("{8BC9CEB8-8B4A-11D0-8D11-00A0C91BC942}") = "SimpleFileExample_UWP", "..\SimpleFileExample_UWP\SimpleFileExample_UWP.vcxproj", "{E0121E63-67C3-4B69-89F9-7819878C5651}"
EndProject
Global
	GlobalSection(SolutionConfigurationPlatforms) = preSolution
		Debug|ARM = Debug|ARM
		Debug|ARM64 = Debug|ARM64
		Debug|x64 = Debug|x64
		Debug|x86 = Debug|x86
		Release|ARM = Release|ARM
		Release|ARM64 = Release|ARM64
		Release|x64 = Release|x64
		Release|x86 = Release|x86
	EndGlobalSection
	GlobalSection(ProjectConfigurationPlatforms) = postSolution
		{829D2382-61AB-4B91-BDB9-AAAE376BD1EA}.Debug|ARM.ActiveCfg = Debug|Win32
		{829D2382-61AB-4B91-BDB9-AAAE376BD1EA}.Debug|ARM64.ActiveCfg = Debug|Win32
		{829D2382-61AB-4B91-BDB9-AAAE376BD1EA}.Debug|x64.ActiveCfg = Debug|x64
		{829D2382-61AB-4B91-BDB9-AAAE376BD1EA}.Debug|x64.Build.0 = Debug|x64
		{829D2382-61AB-4B91-BDB9-AAAE376BD1EA}.Debug|x86.ActiveCfg = Debug|Win32
		{829D2382-61AB-4B91-BDB9-AAAE376BD1EA}.Debug|x86.Build.0 = Debug|Win32
		{829D2382-61AB-4B91-BDB9-AAAE376BD1EA}.Release|ARM.ActiveCfg = Release|Win32
		{829D2382-61AB-4B91-BDB9-AAAE376BD1EA}.Release|ARM64.ActiveCfg = Release|Win32
		{829D2382-61AB-4B91-BDB9-AAAE376BD1EA}.Release|x64.ActiveCfg = Release|x64
		{829D2382-61AB-4B91-BDB9-AAAE376BD1EA}.Release|x64.Build.0 = Release|x64
		{829D2382-61AB-4B91-BDB9-AAAE376BD1EA}.Release|x86.ActiveCfg = Release|Win32
		{829D2382-61AB-4B91-BDB9-AAAE376BD1EA}.Release|x86.Build.0 = Release|Win32
		{F82E3C56-FBCA-4590-B535-1AEDD36CA8F6}.Debug|ARM.ActiveCfg = Debug|ARM
		{F82E3C56-FBCA-4590-B535-1AEDD36CA8F6}.Debug|ARM.Build.0 = Debug|ARM
		{F82E3C56-FBCA-4590-B535-1AEDD36CA8F6}.Debug|ARM.Deploy.0 = Debug|ARM
		{F82E3C56-FBCA-4590-B535-1AEDD36CA8F6}.Debug|ARM64.ActiveCfg = Debug|ARM64
		{F82E3C56-FBCA-4590-B535-1AEDD36CA8F6}.Debug|ARM64.Build.0 = Debug|ARM64
		{F82E3C56-FBCA-4590-B535-1AEDD36CA8F6}.Debug|ARM64.Deploy.0 = Debug|ARM64
		{F82E3C56-FBCA-4590-B535-1AEDD36CA8F6}.Debug|x64.ActiveCfg = Debug|x64
		{F82E3C56-FBCA-4590-B535-1AEDD36CA8F6}.Debug|x64.Build.0 = Debug|x64
		{F82E3C56-FBCA-4590-B535-1AEDD36CA8F6}.Debug|x64.Deploy.0 = Debug|x64
		{F82E3C56-FBCA-4590-B535-1AEDD36CA8F6}.Debug|x86.ActiveCfg = Debug|Win32
		{F82E3C56-FBCA-4590-B535-1AEDD36CA8F6}.Debug|x86.Build.0 = Debug|Win32
		{F82E3C56-FBCA-4590-B535-1AEDD36CA8F6}.Debug|x86.Deploy.0 = Debug|Win32
		{F82E3C56-FBCA-4590-B535-1AEDD36CA8F6}.Release|ARM.ActiveCfg = Release|ARM
		{F82E3C56-FBCA-4590-B535-1AEDD36CA8F6}.Release|ARM.Build.0 = Release|ARM
		{F82E3C56-FBCA-4590-B535-1AEDD36CA8F6}.Release|ARM.Deploy.0 = Release|ARM
		{F82E3C56-FBCA-4590-B535-1AEDD36CA8F6}.Release|ARM64.ActiveCfg = Release|ARM64
		{F82E3C56-FBCA-4590-B535-1AEDD36CA8F6}.Release|ARM64.Build.0 = Release|ARM64
		{F82E3C56-FBCA-4590-B535-1AEDD36CA8F6}.Release|ARM64.Deploy.0 = Release|ARM64
		{F82E3C56-FBCA-4590-B535-1AEDD36CA8F6}.Release|x64.ActiveCfg = Release|x64
		{F82E3C56-FBCA-4590-B535-1AEDD36CA8F6}.Release|x64.Build.0 = Release|x64
		{F82E3C56-FBCA-4590-B535-1AEDD36CA8F6}.Release|x64.Deploy.0 = Release|x64
		{F82E3C56-FBCA-4590-B535-1AEDD36CA8F6}.Release|x86.ActiveCfg = Release|Win32
		{F82E3C56-FBCA-4590-B535-1AEDD36CA8F6}.Release|x86.Build.0 = Release|Win32
		{F82E3C56-FBCA-4590-B535-1AEDD36CA8F6}.Release|x86.Deploy.0 = Release|Win32
		{E0121E63-67C3-4B69-89F9-7819878C5651}.Debug|ARM.ActiveCfg = Debug|ARM
		{E0121E63-67C3-4B69-89F9-7819878C5651}.Debug|ARM.Build.0 = Debug|ARM
		{E0121E63-67C3-4B69-89F9-7819878C5651}.Debug|ARM.Deploy.0 = Debug|ARM
		{E0121E63-67C3-4B69-89F9-7819878C5651}.Debug|ARM64.ActiveCfg = Debug|ARM64
		{E0121E63-67C3-4B69-89F9-7819878C5651}.Debug|ARM64.Build.0 = Debug|ARM64
		{E0121E63-67C3-4B69-89F9-7819878C5651}.Debug|ARM64.Deploy.0 = Debug|ARM64
		{E0121E63-67C3-4B69-89F9-7819878C5651}.Debug|x64.ActiveCfg = Debug|x64
		{E0121E63-67C3-4B69-89F9-7819878C5651}.Debug|x64.Build.0 = Debug|x64
		{E0121E63-67C3-4B69-89F9-7819878C5651}.Debug|x64.Deploy.0 = Debug|x64
		{E0121E63-67C3-4B69-89F9-7819878C5651}.Debug|x86.ActiveCfg = Debug|Win32
		{E0121E63-67C3-4B69-89F9-7819878C5651}.Debug|x86.Build.0 = Debug|Win32
		{E0121E63-67C3-4B69-89F9-7819878C5651}.Debug|x86.Deploy.0 = Debug|Win32
		{E0121E63-67C3-4B69-89F9-7819878C5651}.Release|ARM.ActiveCfg = Release|ARM
		{E0121E63-67C3-4B69-89F9-7819878C5651}.Release|ARM.Build.0 = Release|ARM
		{E0121E63-67C3-4B69-89F9-7819878C5651}.Release|ARM.Deploy.0 = Release|ARM
		{E0121E63-67C3-4B69-89F9-7819878C5651}.Release|ARM64.ActiveCfg = Release|ARM64
		{E0121E63-67C3-4B69-89F9-7819878C5651}.Release|ARM64.Build.0 = Release|ARM64
		{E0121E63-67C3-4B69-89F9-7819878C5651}.Release|ARM64.Deploy.0 = Release|ARM64
		{E0121E63-67C3-4B69-89F9-7819878C5651}.Release|x64.ActiveCfg = Release|x64
		{E0121E63-67C3-4B69-89F9-7819878C5651}.Release|x64.Build.0 = Release|x64
		{E0121E63-67C3-4B69-89F9-7819878C5651}.Release|x64.Deploy.0 = Release|x64
		{E0121E63-67C3-4B69-89F9-7819878C5651}.Release|x86.ActiveCfg = Release|Win32
		{E0121E63-67C3-4B69-89F9-7819878C5651}.Release|x86.Build.0 = Release|Win32
		{E0121E63-67C3-4B69-89F9-7819878C5651}.Release|x86.Deploy.0 = Release|Win32
	EndGlobalSection
	GlobalSection(SolutionProperties) = preSolution
		HideSolutionNode = FALSE
	EndGlobalSection
	GlobalSection(ExtensibilityGlobals) = postSolution
		SolutionGuid = {A184BB42-0E6E-4672-9412-DBB88F0EABAC}
	EndGlobalSection
EndGlobal
